<?xml version="1.0" encoding="utf-8"?>
<Project ToolsVersion="4.0" xmlns="http://schemas.microsoft.com/developer/msbuild/2003">
  <ItemGroup>
    <Filter Include="Source Files">
      <UniqueIdentifier>{4FC737F1-C7A5-4376-A066-2A32D752A2FF}</UniqueIdentifier>
      <Extensions>cpp;c;cc;cxx;c++;cppm;ixx;def;odl;idl;hpj;bat;asm;asmx</Extensions>
    </Filter>
    <Filter Include="Header Files">
      <UniqueIdentifier>{93995380-89BD-4b04-88EB-625FBE52EBFB}</UniqueIdentifier>
      <Extensions>h;hh;hpp;hxx;h++;hm;inl;inc;ipp;xsd</Extensions>
    </Filter>
    <Filter Include="Resource Files">
      <UniqueIdentifier>{67DA6AB6-F800-4c08-8B7A-83BB121AAD01}</UniqueIdentifier>
      <Extensions>rc;ico;cur;bmp;dlg;rc2;rct;bin;rgs;gif;jpg;jpeg;jpe;resx;tiff;tif;png;wav;mfcribbon-ms</Extensions>
    </Filter>
    <Filter Include="Source Files\imgui">
      <UniqueIdentifier>{2a97845c-94f5-40fe-9639-d5d0a6ea6bc8}</UniqueIdentifier>
    </Filter>
    <Filter Include="Source Files\Components">
      <UniqueIdentifier>{a6a61fcc-c3ed-46d3-8e20-41870192aa8e}</UniqueIdentifier>
    </Filter>
    <Filter Include="Header Files\Components">
      <UniqueIdentifier>{f202d7e4-617c-4442-8248-100a515870b8}</UniqueIdentifier>
    </Filter>
    <Filter Include="Header Files\ThirdParty">
      <UniqueIdentifier>{272f9a8d-2d7c-4dee-96b7-83008dc76297}</UniqueIdentifier>
    </Filter>
    <Filter Include="Header Files\ThirdParty\SDL">
      <UniqueIdentifier>{62e2c526-e4f7-4854-a964-00655542e5e0}</UniqueIdentifier>
    </Filter>
    <Filter Include="Header Files\ThirdParty\imgui">
      <UniqueIdentifier>{dc01b3a5-13d5-429e-9228-f237115ab737}</UniqueIdentifier>
    </Filter>
  </ItemGroup>
  <ItemGroup>
    <Text Include="TODO.txt" />
  </ItemGroup>
  <ItemGroup>
    <ClInclude Include="include\Components\Actor.h">
      <Filter>Header Files</Filter>
    </ClInclude>
    <ClInclude Include="include\Components\Texture.h">
      <Filter>Header Files</Filter>
    </ClInclude>
    <ClInclude Include="include\Game\Decoration.h">
      <Filter>Header Files</Filter>
    </ClInclude>
    <ClInclude Include="include\Game\DieScreen.h">
      <Filter>Header Files</Filter>
    </ClInclude>
    <ClInclude Include="include\Game\Game.h">
      <Filter>Header Files</Filter>
    </ClInclude>
    <ClInclude Include="include\Game\GameManager.h">
      <Filter>Header Files</Filter>
    </ClInclude>
    <ClInclude Include="include\Game\HUD.h">
      <Filter>Header Files</Filter>
    </ClInclude>
    <ClInclude Include="include\Game\Lift.h">
      <Filter>Header Files</Filter>
    </ClInclude>
    <ClInclude Include="include\Game\Map.h">
      <Filter>Header Files</Filter>
    </ClInclude>
    <ClInclude Include="include\Game\Menu.h">
      <Filter>Header Files</Filter>
    </ClInclude>
    <ClInclude Include="include\Game\MusicActor.h">
      <Filter>Header Files</Filter>
    </ClInclude>
    <ClInclude Include="include\Game\Obstacle.h">
      <Filter>Header Files</Filter>
    </ClInclude>
    <ClInclude Include="include\Game\Player.h">
      <Filter>Header Files</Filter>
    </ClInclude>
    <ClInclude Include="include\Game\Screen.h">
      <Filter>Header Files</Filter>
    </ClInclude>
    <ClInclude Include="include\Game\ScrollableObject.h">
      <Filter>Header Files</Filter>
    </ClInclude>
    <ClInclude Include="include\Game\Spawner.h">
      <Filter>Header Files</Filter>
    </ClInclude>
    <ClInclude Include="include\Game\Sprite.h">
      <Filter>Header Files</Filter>
    </ClInclude>
    <ClInclude Include="include\ThirdParty\imgui.h">
      <Filter>Header Files</Filter>
    </ClInclude>
    <ClInclude Include="lib\imgui\imgui.h">
      <Filter>Header Files</Filter>
    </ClInclude>
    <ClInclude Include="lib\imgui\imgui_impl_sdl3.h">
      <Filter>Header Files\ThirdParty\imgui</Filter>
    </ClInclude>
    <ClInclude Include="include\ThirdParty\imgui_impl_sdl3.h">
      <Filter>Header Files\ThirdParty\imgui</Filter>
    </ClInclude>
    <ClInclude Include="lib\imgui\imgui_impl_sdlrenderer3.h">
      <Filter>Header Files\ThirdParty\imgui</Filter>
    </ClInclude>
    <ClInclude Include="include\ThirdParty\imgui_impl_sdlrenderer3.h">
      <Filter>Header Files\ThirdParty\imgui</Filter>
    </ClInclude>
    <ClInclude Include="include\ThirdParty\imgui_internal.h">
      <Filter>Header Files\ThirdParty\imgui</Filter>
    </ClInclude>
    <ClInclude Include="lib\imgui\imgui_internal.h">
      <Filter>Header Files\ThirdParty\imgui</Filter>
    </ClInclude>
    <ClInclude Include="include\Game\ImGuiManager.h">
      <Filter>Header Files\ThirdParty\imgui</Filter>
    </ClInclude>
    <ClInclude Include="include\ThirdParty\imstb_rectpack.h">
      <Filter>Header Files\ThirdParty\imgui</Filter>
    </ClInclude>
    <ClInclude Include="lib\imgui\imstb_rectpack.h">
      <Filter>Header Files\ThirdParty\imgui</Filter>
    </ClInclude>
    <ClInclude Include="lib\imgui\imstb_textedit.h">
      <Filter>Header Files\ThirdParty\imgui</Filter>
    </ClInclude>
    <ClInclude Include="include\ThirdParty\imstb_textedit.h">
      <Filter>Header Files\ThirdParty\imgui</Filter>
    </ClInclude>
    <ClInclude Include="lib\imgui\imstb_truetype.h">
      <Filter>Header Files\ThirdParty\imgui</Filter>
    </ClInclude>
    <ClInclude Include="include\ThirdParty\imstb_truetype.h">
      <Filter>Header Files\ThirdParty\imgui</Filter>
    </ClInclude>
    <ClInclude Include="include\Components\AudioComponent.h">
      <Filter>Header Files\Components</Filter>
    </ClInclude>
    <ClInclude Include="include\Components\ColliderComponent.h">
      <Filter>Header Files\Components</Filter>
    </ClInclude>
    <ClInclude Include="include\Components\TransformComponent.h">
      <Filter>Header Files\Components</Filter>
    </ClInclude>
    <ClInclude Include="include\Components\TextComponent.h">
      <Filter>Header Files\Components</Filter>
    </ClInclude>
    <ClInclude Include="include\Components\SpriteComponent.h">
      <Filter>Header Files\Components</Filter>
    </ClInclude>
    <ClInclude Include="lib\imgui\imconfig.h">
      <Filter>Header Files\ThirdParty\imgui</Filter>
    </ClInclude>
    <ClInclude Include="include\ThirdParty\imconfig.h">
      <Filter>Header Files\ThirdParty\imgui</Filter>
    </ClInclude>
    <ClInclude Include="include\ThirdParty\SDL3\SDL.h">
      <Filter>Header Files\ThirdParty\SDL</Filter>
    </ClInclude>
    <ClInclude Include="include\ThirdParty\SDL3\SDL_assert.h">
      <Filter>Header Files\ThirdParty\SDL</Filter>
    </ClInclude>
    <ClInclude Include="include\ThirdParty\SDL3\SDL_asyncio.h">
      <Filter>Header Files\ThirdParty\SDL</Filter>
    </ClInclude>
    <ClInclude Include="include\ThirdParty\SDL3\SDL_atomic.h">
      <Filter>Header Files\ThirdParty\SDL</Filter>
    </ClInclude>
    <ClInclude Include="include\ThirdParty\SDL3\SDL_audio.h">
      <Filter>Header Files\ThirdParty\SDL</Filter>
    </ClInclude>
    <ClInclude Include="include\ThirdParty\SDL3\SDL_begin_code.h">
      <Filter>Header Files\ThirdParty\SDL</Filter>
    </ClInclude>
    <ClInclude Include="include\ThirdParty\SDL3\SDL_bits.h">
      <Filter>Header Files\ThirdParty\SDL</Filter>
    </ClInclude>
    <ClInclude Include="include\ThirdParty\SDL3\SDL_blendmode.h">
      <Filter>Header Files\ThirdParty\SDL</Filter>
    </ClInclude>
    <ClInclude Include="include\ThirdParty\SDL3\SDL_camera.h">
      <Filter>Header Files\ThirdParty\SDL</Filter>
    </ClInclude>
    <ClInclude Include="include\ThirdParty\SDL3\SDL_clipboard.h">
      <Filter>Header Files\ThirdParty\SDL</Filter>
    </ClInclude>
    <ClInclude Include="include\ThirdParty\SDL3\SDL_close_code.h">
      <Filter>Header Files\ThirdParty\SDL</Filter>
    </ClInclude>
    <ClInclude Include="include\ThirdParty\SDL3\SDL_copying.h">
      <Filter>Header Files\ThirdParty\SDL</Filter>
    </ClInclude>
    <ClInclude Include="include\ThirdParty\SDL3\SDL_cpuinfo.h">
      <Filter>Header Files\ThirdParty\SDL</Filter>
    </ClInclude>
    <ClInclude Include="include\ThirdParty\SDL3\SDL_dialog.h">
      <Filter>Header Files\ThirdParty\SDL</Filter>
    </ClInclude>
    <ClInclude Include="include\ThirdParty\SDL3\SDL_egl.h">
      <Filter>Header Files\ThirdParty\SDL</Filter>
    </ClInclude>
    <ClInclude Include="include\ThirdParty\SDL3\SDL_endian.h">
      <Filter>Header Files\ThirdParty\SDL</Filter>
    </ClInclude>
    <ClInclude Include="include\ThirdParty\SDL3\SDL_error.h">
      <Filter>Header Files\ThirdParty\SDL</Filter>
    </ClInclude>
    <ClInclude Include="include\ThirdParty\SDL3\SDL_events.h">
      <Filter>Header Files\ThirdParty\SDL</Filter>
    </ClInclude>
    <ClInclude Include="include\ThirdParty\SDL3\SDL_filesystem.h">
      <Filter>Header Files\ThirdParty\SDL</Filter>
    </ClInclude>
    <ClInclude Include="include\ThirdParty\SDL3\SDL_gamepad.h">
      <Filter>Header Files\ThirdParty\SDL</Filter>
    </ClInclude>
    <ClInclude Include="include\ThirdParty\SDL3\SDL_gpu.h">
      <Filter>Header Files\ThirdParty\SDL</Filter>
    </ClInclude>
    <ClInclude Include="include\ThirdParty\SDL3\SDL_guid.h">
      <Filter>Header Files\ThirdParty\SDL</Filter>
    </ClInclude>
    <ClInclude Include="include\ThirdParty\SDL3\SDL_haptic.h">
      <Filter>Header Files\ThirdParty\SDL</Filter>
    </ClInclude>
    <ClInclude Include="include\ThirdParty\SDL3\SDL_hidapi.h">
      <Filter>Header Files\ThirdParty\SDL</Filter>
    </ClInclude>
    <ClInclude Include="include\ThirdParty\SDL3\SDL_hints.h">
      <Filter>Header Files\ThirdParty\SDL</Filter>
    </ClInclude>
    <ClInclude Include="include\ThirdParty\SDL_image.h">
      <Filter>Header Files\ThirdParty\SDL</Filter>
    </ClInclude>
    <ClInclude Include="include\ThirdParty\SDL3\SDL_init.h">
      <Filter>Header Files\ThirdParty\SDL</Filter>
    </ClInclude>
    <ClInclude Include="include\ThirdParty\SDL3\SDL_intrin.h">
      <Filter>Header Files\ThirdParty\SDL</Filter>
    </ClInclude>
    <ClInclude Include="include\ThirdParty\SDL3\SDL_iostream.h">
      <Filter>Header Files\ThirdParty\SDL</Filter>
    </ClInclude>
    <ClInclude Include="include\ThirdParty\SDL3\SDL_joystick.h">
      <Filter>Header Files\ThirdParty\SDL</Filter>
    </ClInclude>
    <ClInclude Include="include\ThirdParty\SDL3\SDL_keyboard.h">
      <Filter>Header Files\ThirdParty\SDL</Filter>
    </ClInclude>
    <ClInclude Include="include\ThirdParty\SDL3\SDL_keycode.h">
      <Filter>Header Files\ThirdParty\SDL</Filter>
    </ClInclude>
    <ClInclude Include="include\ThirdParty\SDL3\SDL_loadso.h">
      <Filter>Header Files\ThirdParty\SDL</Filter>
    </ClInclude>
    <ClInclude Include="include\ThirdParty\SDL3\SDL_locale.h">
      <Filter>Header Files\ThirdParty\SDL</Filter>
    </ClInclude>
    <ClInclude Include="include\ThirdParty\SDL3\SDL_log.h">
      <Filter>Header Files\ThirdParty\SDL</Filter>
    </ClInclude>
    <ClInclude Include="include\ThirdParty\SDL3\SDL_main.h">
      <Filter>Header Files\ThirdParty\SDL</Filter>
    </ClInclude>
    <ClInclude Include="include\ThirdParty\SDL3\SDL_main_impl.h">
      <Filter>Header Files\ThirdParty\SDL</Filter>
    </ClInclude>
    <ClInclude Include="include\ThirdParty\SDL3\SDL_messagebox.h">
      <Filter>Header Files\ThirdParty\SDL</Filter>
    </ClInclude>
    <ClInclude Include="include\ThirdParty\SDL3\SDL_metal.h">
      <Filter>Header Files\ThirdParty\SDL</Filter>
    </ClInclude>
    <ClInclude Include="include\ThirdParty\SDL3\SDL_misc.h">
      <Filter>Header Files\ThirdParty\SDL</Filter>
    </ClInclude>
    <ClInclude Include="include\ThirdParty\SDL3\SDL_mouse.h">
      <Filter>Header Files\ThirdParty\SDL</Filter>
    </ClInclude>
    <ClInclude Include="include\ThirdParty\SDL3\SDL_mutex.h">
      <Filter>Header Files\ThirdParty\SDL</Filter>
    </ClInclude>
    <ClInclude Include="include\ThirdParty\SDL3\SDL_oldnames.h">
      <Filter>Header Files\ThirdParty\SDL</Filter>
    </ClInclude>
    <ClInclude Include="include\ThirdParty\SDL3\SDL_opengl.h">
      <Filter>Header Files\ThirdParty\SDL</Filter>
    </ClInclude>
    <ClInclude Include="include\ThirdParty\SDL3\SDL_opengl_glext.h">
      <Filter>Header Files\ThirdParty\SDL</Filter>
    </ClInclude>
    <ClInclude Include="include\ThirdParty\SDL3\SDL_opengles.h">
      <Filter>Header Files\ThirdParty\SDL</Filter>
    </ClInclude>
    <ClInclude Include="include\ThirdParty\SDL3\SDL_opengles2.h">
      <Filter>Header Files\ThirdParty\SDL</Filter>
    </ClInclude>
    <ClInclude Include="include\ThirdParty\SDL3\SDL_opengles2_gl2.h">
      <Filter>Header Files\ThirdParty\SDL</Filter>
    </ClInclude>
    <ClInclude Include="include\ThirdParty\SDL3\SDL_opengles2_gl2ext.h">
      <Filter>Header Files\ThirdParty\SDL</Filter>
    </ClInclude>
    <ClInclude Include="include\ThirdParty\SDL3\SDL_opengles2_gl2platform.h">
      <Filter>Header Files\ThirdParty\SDL</Filter>
    </ClInclude>
    <ClInclude Include="include\ThirdParty\SDL3\SDL_opengles2_khrplatform.h">
      <Filter>Header Files\ThirdParty\SDL</Filter>
    </ClInclude>
    <ClInclude Include="include\ThirdParty\SDL3\SDL_pen.h">
      <Filter>Header Files\ThirdParty\SDL</Filter>
    </ClInclude>
    <ClInclude Include="include\ThirdParty\SDL3\SDL_pixels.h">
      <Filter>Header Files\ThirdParty\SDL</Filter>
    </ClInclude>
    <ClInclude Include="include\ThirdParty\SDL3\SDL_platform.h">
      <Filter>Header Files\ThirdParty\SDL</Filter>
    </ClInclude>
    <ClInclude Include="include\ThirdParty\SDL3\SDL_platform_defines.h">
      <Filter>Header Files\ThirdParty\SDL</Filter>
    </ClInclude>
    <ClInclude Include="include\ThirdParty\SDL3\SDL_power.h">
      <Filter>Header Files\ThirdParty\SDL</Filter>
    </ClInclude>
    <ClInclude Include="include\ThirdParty\SDL3\SDL_process.h">
      <Filter>Header Files\ThirdParty\SDL</Filter>
    </ClInclude>
    <ClInclude Include="include\ThirdParty\SDL3\SDL_properties.h">
      <Filter>Header Files\ThirdParty\SDL</Filter>
    </ClInclude>
    <ClInclude Include="include\ThirdParty\SDL3\SDL_rect.h">
      <Filter>Header Files\ThirdParty\SDL</Filter>
    </ClInclude>
    <ClInclude Include="include\ThirdParty\SDL3\SDL_render.h">
      <Filter>Header Files\ThirdParty\SDL</Filter>
    </ClInclude>
    <ClInclude Include="include\ThirdParty\SDL3\SDL_revision.h">
      <Filter>Header Files\ThirdParty\SDL</Filter>
    </ClInclude>
    <ClInclude Include="include\ThirdParty\SDL3\SDL_scancode.h">
      <Filter>Header Files\ThirdParty\SDL</Filter>
    </ClInclude>
    <ClInclude Include="include\ThirdParty\SDL3\SDL_sensor.h">
      <Filter>Header Files\ThirdParty\SDL</Filter>
    </ClInclude>
    <ClInclude Include="include\ThirdParty\SDL3\SDL_stdinc.h">
      <Filter>Header Files\ThirdParty\SDL</Filter>
    </ClInclude>
    <ClInclude Include="include\ThirdParty\SDL3\SDL_storage.h">
      <Filter>Header Files\ThirdParty\SDL</Filter>
    </ClInclude>
    <ClInclude Include="include\ThirdParty\SDL3\SDL_surface.h">
      <Filter>Header Files\ThirdParty\SDL</Filter>
    </ClInclude>
    <ClInclude Include="include\ThirdParty\SDL3\SDL_system.h">
      <Filter>Header Files\ThirdParty\SDL</Filter>
    </ClInclude>
    <ClInclude Include="include\ThirdParty\SDL3\SDL_test.h">
      <Filter>Header Files\ThirdParty\SDL</Filter>
    </ClInclude>
    <ClInclude Include="include\ThirdParty\SDL3\SDL_test_assert.h">
      <Filter>Header Files\ThirdParty\SDL</Filter>
    </ClInclude>
    <ClInclude Include="include\ThirdParty\SDL3\SDL_test_common.h">
      <Filter>Header Files\ThirdParty\SDL</Filter>
    </ClInclude>
    <ClInclude Include="include\ThirdParty\SDL3\SDL_test_compare.h">
      <Filter>Header Files\ThirdParty\SDL</Filter>
    </ClInclude>
    <ClInclude Include="include\ThirdParty\SDL3\SDL_test_crc32.h">
      <Filter>Header Files\ThirdParty\SDL</Filter>
    </ClInclude>
    <ClInclude Include="include\ThirdParty\SDL3\SDL_test_font.h">
      <Filter>Header Files\ThirdParty\SDL</Filter>
    </ClInclude>
    <ClInclude Include="include\ThirdParty\SDL3\SDL_test_fuzzer.h">
      <Filter>Header Files\ThirdParty\SDL</Filter>
    </ClInclude>
    <ClInclude Include="include\ThirdParty\SDL3\SDL_test_harness.h">
      <Filter>Header Files\ThirdParty\SDL</Filter>
    </ClInclude>
    <ClInclude Include="include\ThirdParty\SDL3\SDL_test_log.h">
      <Filter>Header Files\ThirdParty\SDL</Filter>
    </ClInclude>
    <ClInclude Include="include\ThirdParty\SDL3\SDL_test_md5.h">
      <Filter>Header Files\ThirdParty\SDL</Filter>
    </ClInclude>
    <ClInclude Include="include\ThirdParty\SDL3\SDL_test_memory.h">
      <Filter>Header Files\ThirdParty\SDL</Filter>
    </ClInclude>
    <ClInclude Include="include\ThirdParty\SDL3\SDL_thread.h">
      <Filter>Header Files\ThirdParty\SDL</Filter>
    </ClInclude>
    <ClInclude Include="include\ThirdParty\SDL3\SDL_time.h">
      <Filter>Header Files\ThirdParty\SDL</Filter>
    </ClInclude>
    <ClInclude Include="include\ThirdParty\SDL3\SDL_timer.h">
      <Filter>Header Files\ThirdParty\SDL</Filter>
    </ClInclude>
    <ClInclude Include="include\ThirdParty\SDL3\SDL_touch.h">
      <Filter>Header Files\ThirdParty\SDL</Filter>
    </ClInclude>
    <ClInclude Include="include\ThirdParty\SDL3\SDL_tray.h">
      <Filter>Header Files\ThirdParty\SDL</Filter>
    </ClInclude>
    <ClInclude Include="include\ThirdParty\SDL_ttf.h">
      <Filter>Header Files\ThirdParty\SDL</Filter>
    </ClInclude>
    <ClInclude Include="include\ThirdParty\SDL3\SDL_version.h">
      <Filter>Header Files\ThirdParty\SDL</Filter>
    </ClInclude>
    <ClInclude Include="include\ThirdParty\SDL3\SDL_video.h">
      <Filter>Header Files\ThirdParty\SDL</Filter>
    </ClInclude>
    <ClInclude Include="include\ThirdParty\SDL3\SDL_vulkan.h">
      <Filter>Header Files\ThirdParty\SDL</Filter>
    </ClInclude>
    <ClInclude Include="include\Game\Component.h">
      <Filter>Header Files\Components</Filter>
    </ClInclude>
  </ItemGroup>
  <ItemGroup>
    <ClCompile Include="src\Actor.cpp">
      <Filter>Source Files</Filter>
    </ClCompile>
    <ClCompile Include="src\Decoration.cpp">
      <Filter>Source Files</Filter>
    </ClCompile>
    <ClCompile Include="src\DieScreen.cpp">
      <Filter>Source Files</Filter>
    </ClCompile>
    <ClCompile Include="src\Game.cpp">
      <Filter>Source Files</Filter>
    </ClCompile>
    <ClCompile Include="src\GameManager.cpp">
      <Filter>Source Files</Filter>
    </ClCompile>
    <ClCompile Include="src\HUD.cpp">
      <Filter>Source Files</Filter>
    </ClCompile>
    <ClCompile Include="src\Lift.cpp">
      <Filter>Source Files</Filter>
    </ClCompile>
    <ClCompile Include="src\main.cpp">
      <Filter>Source Files</Filter>
    </ClCompile>
    <ClCompile Include="src\Map.cpp">
      <Filter>Source Files</Filter>
    </ClCompile>
    <ClCompile Include="src\Menu.cpp">
      <Filter>Source Files</Filter>
    </ClCompile>
    <ClCompile Include="src\MusicActor.cpp">
      <Filter>Source Files</Filter>
    </ClCompile>
    <ClCompile Include="src\Obstacle.cpp">
      <Filter>Source Files</Filter>
    </ClCompile>
    <ClCompile Include="src\Player.cpp">
      <Filter>Source Files</Filter>
    </ClCompile>
    <ClCompile Include="src\ScrollableObject.cpp">
      <Filter>Source Files</Filter>
    </ClCompile>
    <ClCompile Include="src\Spawner.cpp">
      <Filter>Source Files</Filter>
    </ClCompile>
    <ClCompile Include="src\Sprite.cpp">
      <Filter>Source Files</Filter>
    </ClCompile>
    <ClCompile Include="src\Texture.cpp">
      <Filter>Source Files</Filter>
    </ClCompile>
    <ClCompile Include="lib\imgui\imgui.cpp">
      <Filter>Source Files\imgui</Filter>
    </ClCompile>
    <ClCompile Include="lib\imgui\imgui_demo.cpp">
      <Filter>Source Files\imgui</Filter>
    </ClCompile>
    <ClCompile Include="lib\imgui\imgui_draw.cpp">
      <Filter>Source Files\imgui</Filter>
    </ClCompile>
    <ClCompile Include="lib\imgui\imgui_impl_sdl3.cpp">
      <Filter>Source Files\imgui</Filter>
    </ClCompile>
    <ClCompile Include="lib\imgui\imgui_impl_sdlrenderer3.cpp">
      <Filter>Source Files\imgui</Filter>
    </ClCompile>
    <ClCompile Include="lib\imgui\imgui_tables.cpp">
      <Filter>Source Files\imgui</Filter>
    </ClCompile>
    <ClCompile Include="lib\imgui\imgui_widgets.cpp">
      <Filter>Source Files\imgui</Filter>
    </ClCompile>
    <ClCompile Include="src\ImGuiManager.cpp">
      <Filter>Source Files\imgui</Filter>
    </ClCompile>
    <ClCompile Include="src\AudioComponent.cpp">
      <Filter>Source Files\Components</Filter>
    </ClCompile>
    <ClCompile Include="src\ColliderComponent.cpp">
      <Filter>Source Files\Components</Filter>
    </ClCompile>
    <ClCompile Include="src\SpriteComponent.cpp">
      <Filter>Source Files\Components</Filter>
    </ClCompile>
    <ClCompile Include="src\TextComponent.cpp">
      <Filter>Source Files\Components</Filter>
    </ClCompile>
    <ClCompile Include="src\TransformComponent.cpp">
      <Filter>Source Files\Components</Filter>
    </ClCompile>
  </ItemGroup>
</Project>